
Microsoft Visual Studio Solution File, Format Version 12.00
# Visual Studio Version 17
VisualStudioVersion = 17.8.34212.112
MinimumVisualStudioVersion = 10.0.40219.1
Project("{FAE04EC0-301F-11D3-BF4B-00C04F79EFBC}") = "ogrenci_kayit_formu_projesi", "ogrenci_kayit_formu_projesi\ogrenci_kayit_formu_projesi.csproj", "{7A07E6CA-99B6-4253-9B2C-13DD00311882}"
EndProject
Global
	GlobalSection(SolutionConfigurationPlatforms) = preSolution
		Debug|Any CPU = Debug|Any CPU
		Release|Any CPU = Release|Any CPU
	EndGlobalSection
	GlobalSection(ProjectConfigurationPlatforms) = postSolution
		{7A07E6CA-99B6-4253-9B2C-13DD00311882}.Debug|Any CPU.ActiveCfg = Debug|Any CPU
		{7A07E6CA-99B6-4253-9B2C-13DD00311882}.Debug|Any CPU.Build.0 = Debug|Any CPU
		{7A07E6CA-99B6-4253-9B2C-13DD00311882}.Release|Any CPU.ActiveCfg = Release|Any CPU
		{7A07E6CA-99B6-4253-9B2C-13DD00311882}.Release|Any CPU.Build.0 = Release|Any CPU
	EndGlobalSection
	GlobalSection(SolutionProperties) = preSolution
		HideSolutionNode = FALSE
	EndGlobalSection
	GlobalSection(ExtensibilityGlobals) = postSolution
		SolutionGuid = {EF48B6E0-EDB6-4750-9AEF-47146109E534}
	EndGlobalSection
EndGlobal
